
Microsoft Visual Studio Solution File, Format Version 12.00
# Visual Studio Version 17
VisualStudioVersion = 17.14.36408.4 d17.14
MinimumVisualStudioVersion = 10.0.40219.1
Project("{8BC9CEB8-8B4A-11D0-8D11-00A0C91BC942}") = "66. Longitud de una cadena - función strlen", "66. Longitud de una cadena - función strlen\66. Longitud de una cadena - función strlen.vcxproj", "{31D069A4-18B6-438C-9A54-538AF721A918}"
EndProject
Global
	GlobalSection(SolutionConfigurationPlatforms) = preSolution
		Debug|x64 = Debug|x64
		Debug|x86 = Debug|x86
		Release|x64 = Release|x64
		Release|x86 = Release|x86
	EndGlobalSection
	GlobalSection(ProjectConfigurationPlatforms) = postSolution
		{31D069A4-18B6-438C-9A54-538AF721A918}.Debug|x64.ActiveCfg = Debug|x64
		{31D069A4-18B6-438C-9A54-538AF721A918}.Debug|x64.Build.0 = Debug|x64
		{31D069A4-18B6-438C-9A54-538AF721A918}.Debug|x86.ActiveCfg = Debug|Win32
		{31D069A4-18B6-438C-9A54-538AF721A918}.Debug|x86.Build.0 = Debug|Win32
		{31D069A4-18B6-438C-9A54-538AF721A918}.Release|x64.ActiveCfg = Release|x64
		{31D069A4-18B6-438C-9A54-538AF721A918}.Release|x64.Build.0 = Release|x64
		{31D069A4-18B6-438C-9A54-538AF721A918}.Release|x86.ActiveCfg = Release|Win32
		{31D069A4-18B6-438C-9A54-538AF721A918}.Release|x86.Build.0 = Release|Win32
	EndGlobalSection
	GlobalSection(SolutionProperties) = preSolution
		HideSolutionNode = FALSE
	EndGlobalSection
	GlobalSection(ExtensibilityGlobals) = postSolution
		SolutionGuid = {8FEC9F4C-EBAE-4780-B3D1-30CDF99B522C}
	EndGlobalSection
EndGlobal
