
Microsoft Visual Studio Solution File, Format Version 12.00
# Visual Studio Version 17
VisualStudioVersion = 17.9.34728.123
MinimumVisualStudioVersion = 10.0.40219.1
Project("{8BC9CEB8-8B4A-11D0-8D11-00A0C91BC942}") = "35. Ejercicio 2 contando numeros mayores a cero", "35. Ejercicio 2 contando numeros mayores a cero\35. Ejercicio 2 contando numeros mayores a cero.vcxproj", "{D808C115-3D0E-4134-B135-DF5E80C48776}"
EndProject
Global
	GlobalSection(SolutionConfigurationPlatforms) = preSolution
		Debug|x64 = Debug|x64
		Debug|x86 = Debug|x86
		Release|x64 = Release|x64
		Release|x86 = Release|x86
	EndGlobalSection
	GlobalSection(ProjectConfigurationPlatforms) = postSolution
		{D808C115-3D0E-4134-B135-DF5E80C48776}.Debug|x64.ActiveCfg = Debug|x64
		{D808C115-3D0E-4134-B135-DF5E80C48776}.Debug|x64.Build.0 = Debug|x64
		{D808C115-3D0E-4134-B135-DF5E80C48776}.Debug|x86.ActiveCfg = Debug|Win32
		{D808C115-3D0E-4134-B135-DF5E80C48776}.Debug|x86.Build.0 = Debug|Win32
		{D808C115-3D0E-4134-B135-DF5E80C48776}.Release|x64.ActiveCfg = Release|x64
		{D808C115-3D0E-4134-B135-DF5E80C48776}.Release|x64.Build.0 = Release|x64
		{D808C115-3D0E-4134-B135-DF5E80C48776}.Release|x86.ActiveCfg = Release|Win32
		{D808C115-3D0E-4134-B135-DF5E80C48776}.Release|x86.Build.0 = Release|Win32
	EndGlobalSection
	GlobalSection(SolutionProperties) = preSolution
		HideSolutionNode = FALSE
	EndGlobalSection
	GlobalSection(ExtensibilityGlobals) = postSolution
		SolutionGuid = {CC27FDAD-0B1E-4E97-A781-FE584D2FCC21}
	EndGlobalSection
EndGlobal
