
Microsoft Visual Studio Solution File, Format Version 12.00
# Visual Studio Version 17
VisualStudioVersion = 17.14.36408.4 d17.14
MinimumVisualStudioVersion = 10.0.40219.1
Project("{8BC9CEB8-8B4A-11D0-8D11-00A0C91BC942}") = "60. Copiar el contenido de una matriz en otra matriz", "60. Copiar el contenido de una matriz en otra matriz\60. Copiar el contenido de una matriz en otra matriz.vcxproj", "{B72C6BBC-D769-4E49-85B8-8E649CD589E8}"
EndProject
Global
	GlobalSection(SolutionConfigurationPlatforms) = preSolution
		Debug|x64 = Debug|x64
		Debug|x86 = Debug|x86
		Release|x64 = Release|x64
		Release|x86 = Release|x86
	EndGlobalSection
	GlobalSection(ProjectConfigurationPlatforms) = postSolution
		{B72C6BBC-D769-4E49-85B8-8E649CD589E8}.Debug|x64.ActiveCfg = Debug|x64
		{B72C6BBC-D769-4E49-85B8-8E649CD589E8}.Debug|x64.Build.0 = Debug|x64
		{B72C6BBC-D769-4E49-85B8-8E649CD589E8}.Debug|x86.ActiveCfg = Debug|Win32
		{B72C6BBC-D769-4E49-85B8-8E649CD589E8}.Debug|x86.Build.0 = Debug|Win32
		{B72C6BBC-D769-4E49-85B8-8E649CD589E8}.Release|x64.ActiveCfg = Release|x64
		{B72C6BBC-D769-4E49-85B8-8E649CD589E8}.Release|x64.Build.0 = Release|x64
		{B72C6BBC-D769-4E49-85B8-8E649CD589E8}.Release|x86.ActiveCfg = Release|Win32
		{B72C6BBC-D769-4E49-85B8-8E649CD589E8}.Release|x86.Build.0 = Release|Win32
	EndGlobalSection
	GlobalSection(SolutionProperties) = preSolution
		HideSolutionNode = FALSE
	EndGlobalSection
	GlobalSection(ExtensibilityGlobals) = postSolution
		SolutionGuid = {1662AAB5-79A1-49BE-B02D-010F2434816D}
	EndGlobalSection
EndGlobal
